
Microsoft Visual Studio Solution File, Format Version 12.00
# Visual Studio Version 16
VisualStudioVersion = 16.0.31624.102
MinimumVisualStudioVersion = 10.0.40219.1
Project("{8BC9CEB8-8B4A-11D0-8D11-00A0C91BC942}") = "op 2.4", "op 2.4\op 2.4.vcxproj", "{1AC77BAA-9CDC-4EEA-8C77-09982A6CA53F}"
EndProject
Global
	GlobalSection(SolutionConfigurationPlatforms) = preSolution
		Debug|x64 = Debug|x64
		Debug|x86 = Debug|x86
		Release|x64 = Release|x64
		Release|x86 = Release|x86
	EndGlobalSection
	GlobalSection(ProjectConfigurationPlatforms) = postSolution
		{1AC77BAA-9CDC-4EEA-8C77-09982A6CA53F}.Debug|x64.ActiveCfg = Debug|x64
		{1AC77BAA-9CDC-4EEA-8C77-09982A6CA53F}.Debug|x64.Build.0 = Debug|x64
		{1AC77BAA-9CDC-4EEA-8C77-09982A6CA53F}.Debug|x86.ActiveCfg = Debug|Win32
		{1AC77BAA-9CDC-4EEA-8C77-09982A6CA53F}.Debug|x86.Build.0 = Debug|Win32
		{1AC77BAA-9CDC-4EEA-8C77-09982A6CA53F}.Release|x64.ActiveCfg = Release|x64
		{1AC77BAA-9CDC-4EEA-8C77-09982A6CA53F}.Release|x64.Build.0 = Release|x64
		{1AC77BAA-9CDC-4EEA-8C77-09982A6CA53F}.Release|x86.ActiveCfg = Release|Win32
		{1AC77BAA-9CDC-4EEA-8C77-09982A6CA53F}.Release|x86.Build.0 = Release|Win32
	EndGlobalSection
	GlobalSection(SolutionProperties) = preSolution
		HideSolutionNode = FALSE
	EndGlobalSection
	GlobalSection(ExtensibilityGlobals) = postSolution
		SolutionGuid = {6F6B1621-9E7C-4562-824B-B97ED4FF96CB}
	EndGlobalSection
EndGlobal
